Microsoft Visual Studio Solution File, Format Version 12.00
# Visual Studio Version 17
VisualStudioVersion = 17.14.35806.103
MinimumVisualStudioVersion = 10.0.40219.1
Project("{FAE04EC0-301F-11D3-BF4B-00C04F79EFBC}") = "MarkdownEditor", "MarkdownEditor.csproj", "{B8BCA3D3-01A0-4571-A996-2F57B9142BEA}"
EndProject
Global
	GlobalSection(SolutionConfigurationPlatforms) = preSolution
		Debug|Any CPU = Debug|Any CPU
		Release|Any CPU = Release|Any CPU
	EndGlobalSection
	GlobalSection(ProjectConfigurationPlatforms) = postSolution
		{B8BCA3D3-01A0-4571-A996-2F57B9142BEA}.Debug|Any CPU.ActiveCfg = Debug|Any CPU
		{B8BCA3D3-01A0-4571-A996-2F57B9142BEA}.Debug|Any CPU.Build.0 = Debug|Any CPU
		{B8BCA3D3-01A0-4571-A996-2F57B9142BEA}.Release|Any CPU.ActiveCfg = Release|Any CPU
		{B8BCA3D3-01A0-4571-A996-2F57B9142BEA}.Release|Any CPU.Build.0 = Release|Any CPU
	EndGlobalSection
	GlobalSection(SolutionProperties) = preSolution
		HideSolutionNode = FALSE
	EndGlobalSection
	GlobalSection(ExtensibilityGlobals) = postSolution
		SolutionGuid = {1D4D920B-EF44-41F7-AAF7-61E02105168B}
	EndGlobalSection
EndGlobal
